
Microsoft Visual Studio Solution File, Format Version 12.00
# Visual Studio Version 17
VisualStudioVersion = 17.7.34031.279
MinimumVisualStudioVersion = 10.0.40219.1
Project("{9A19103F-16F7-4668-BE54-9A1E7A4F7556}") = "Strategies", "StrategyFirstCard\Strategies.csproj", "{5B78B899-7BFC-4F46-9ADB-3DCF0CFDF8DE}"
EndProject
Project("{2150E333-8FDC-42A3-9474-1A3956D46DE8}") = "Nsu", "Nsu", "{AFC20025-E399-4F95-9422-AB6096F508A6}"
EndProject
Project("{2150E333-8FDC-42A3-9474-1A3956D46DE8}") = "MortalKombat", "MortalKombat", "{1C11F150-6CC9-4825-96B8-0BE7DFED11FB}"
EndProject
Project("{9A19103F-16F7-4668-BE54-9A1E7A4F7556}") = "Contracts", "MortalKombat\Contracts.csproj", "{89017EDC-8831-453F-97D5-BEBA8948192E}"
EndProject
Project("{FAE04EC0-301F-11D3-BF4B-00C04F79EFBC}") = "DeckShuffler", "DeckShuffler\DeckShuffler.csproj", "{181222C0-308E-4ACD-ADE6-AA14ED1788E6}"
EndProject
Project("{FAE04EC0-301F-11D3-BF4B-00C04F79EFBC}") = "ExperimentRunners", "ColliseumGods\ExperimentRunners.csproj", "{A943ECDF-A82D-4929-8B44-43917BA8EC91}"
EndProject
Project("{FAE04EC0-301F-11D3-BF4B-00C04F79EFBC}") = "Players", "ColliseumPlayers\Players.csproj", "{FFF1EF55-9F88-44D9-AF4F-15E757DCAFA5}"
EndProject
Project("{FAE04EC0-301F-11D3-BF4B-00C04F79EFBC}") = "HostRunner", "HostRunner\HostRunner.csproj", "{07EBBC1A-0531-4A65-A72B-85AE609E1ACF}"
EndProject
Project("{FAE04EC0-301F-11D3-BF4B-00C04F79EFBC}") = "TestKombat", "TestKombat\TestKombat.csproj", "{8D995413-753E-40E9-A6A3-8140C56195E1}"
EndProject
Project("{FAE04EC0-301F-11D3-BF4B-00C04F79EFBC}") = "DatabaseOracle", "DatabaseOracle\DatabaseOracle.csproj", "{6D770250-3FA4-417D-AA4C-77CE47845B25}"
EndProject
Global
	GlobalSection(SolutionConfigurationPlatforms) = preSolution
		Debug|Any CPU = Debug|Any CPU
		Release|Any CPU = Release|Any CPU
	EndGlobalSection
	GlobalSection(ProjectConfigurationPlatforms) = postSolution
		{5B78B899-7BFC-4F46-9ADB-3DCF0CFDF8DE}.Debug|Any CPU.ActiveCfg = Debug|Any CPU
		{5B78B899-7BFC-4F46-9ADB-3DCF0CFDF8DE}.Debug|Any CPU.Build.0 = Debug|Any CPU
		{5B78B899-7BFC-4F46-9ADB-3DCF0CFDF8DE}.Release|Any CPU.ActiveCfg = Release|Any CPU
		{5B78B899-7BFC-4F46-9ADB-3DCF0CFDF8DE}.Release|Any CPU.Build.0 = Release|Any CPU
		{89017EDC-8831-453F-97D5-BEBA8948192E}.Debug|Any CPU.ActiveCfg = Debug|Any CPU
		{89017EDC-8831-453F-97D5-BEBA8948192E}.Debug|Any CPU.Build.0 = Debug|Any CPU
		{89017EDC-8831-453F-97D5-BEBA8948192E}.Release|Any CPU.ActiveCfg = Release|Any CPU
		{89017EDC-8831-453F-97D5-BEBA8948192E}.Release|Any CPU.Build.0 = Release|Any CPU
		{181222C0-308E-4ACD-ADE6-AA14ED1788E6}.Debug|Any CPU.ActiveCfg = Debug|Any CPU
		{181222C0-308E-4ACD-ADE6-AA14ED1788E6}.Debug|Any CPU.Build.0 = Debug|Any CPU
		{181222C0-308E-4ACD-ADE6-AA14ED1788E6}.Release|Any CPU.ActiveCfg = Release|Any CPU
		{181222C0-308E-4ACD-ADE6-AA14ED1788E6}.Release|Any CPU.Build.0 = Release|Any CPU
		{A943ECDF-A82D-4929-8B44-43917BA8EC91}.Debug|Any CPU.ActiveCfg = Debug|Any CPU
		{A943ECDF-A82D-4929-8B44-43917BA8EC91}.Debug|Any CPU.Build.0 = Debug|Any CPU
		{A943ECDF-A82D-4929-8B44-43917BA8EC91}.Release|Any CPU.ActiveCfg = Release|Any CPU
		{A943ECDF-A82D-4929-8B44-43917BA8EC91}.Release|Any CPU.Build.0 = Release|Any CPU
		{FFF1EF55-9F88-44D9-AF4F-15E757DCAFA5}.Debug|Any CPU.ActiveCfg = Debug|Any CPU
		{FFF1EF55-9F88-44D9-AF4F-15E757DCAFA5}.Debug|Any CPU.Build.0 = Debug|Any CPU
		{FFF1EF55-9F88-44D9-AF4F-15E757DCAFA5}.Release|Any CPU.ActiveCfg = Release|Any CPU
		{FFF1EF55-9F88-44D9-AF4F-15E757DCAFA5}.Release|Any CPU.Build.0 = Release|Any CPU
		{07EBBC1A-0531-4A65-A72B-85AE609E1ACF}.Debug|Any CPU.ActiveCfg = Debug|Any CPU
		{07EBBC1A-0531-4A65-A72B-85AE609E1ACF}.Debug|Any CPU.Build.0 = Debug|Any CPU
		{07EBBC1A-0531-4A65-A72B-85AE609E1ACF}.Release|Any CPU.ActiveCfg = Release|Any CPU
		{07EBBC1A-0531-4A65-A72B-85AE609E1ACF}.Release|Any CPU.Build.0 = Release|Any CPU
		{8D995413-753E-40E9-A6A3-8140C56195E1}.Debug|Any CPU.ActiveCfg = Debug|Any CPU
		{8D995413-753E-40E9-A6A3-8140C56195E1}.Debug|Any CPU.Build.0 = Debug|Any CPU
		{8D995413-753E-40E9-A6A3-8140C56195E1}.Release|Any CPU.ActiveCfg = Release|Any CPU
		{8D995413-753E-40E9-A6A3-8140C56195E1}.Release|Any CPU.Build.0 = Release|Any CPU
		{6D770250-3FA4-417D-AA4C-77CE47845B25}.Debug|Any CPU.ActiveCfg = Debug|Any CPU
		{6D770250-3FA4-417D-AA4C-77CE47845B25}.Debug|Any CPU.Build.0 = Debug|Any CPU
		{6D770250-3FA4-417D-AA4C-77CE47845B25}.Release|Any CPU.ActiveCfg = Release|Any CPU
		{6D770250-3FA4-417D-AA4C-77CE47845B25}.Release|Any CPU.Build.0 = Release|Any CPU
	EndGlobalSection
	GlobalSection(SolutionProperties) = preSolution
		HideSolutionNode = FALSE
	EndGlobalSection
	GlobalSection(NestedProjects) = preSolution
		{5B78B899-7BFC-4F46-9ADB-3DCF0CFDF8DE} = {1C11F150-6CC9-4825-96B8-0BE7DFED11FB}
		{1C11F150-6CC9-4825-96B8-0BE7DFED11FB} = {AFC20025-E399-4F95-9422-AB6096F508A6}
		{89017EDC-8831-453F-97D5-BEBA8948192E} = {1C11F150-6CC9-4825-96B8-0BE7DFED11FB}
		{181222C0-308E-4ACD-ADE6-AA14ED1788E6} = {1C11F150-6CC9-4825-96B8-0BE7DFED11FB}
		{A943ECDF-A82D-4929-8B44-43917BA8EC91} = {1C11F150-6CC9-4825-96B8-0BE7DFED11FB}
		{FFF1EF55-9F88-44D9-AF4F-15E757DCAFA5} = {1C11F150-6CC9-4825-96B8-0BE7DFED11FB}
		{6D770250-3FA4-417D-AA4C-77CE47845B25} = {1C11F150-6CC9-4825-96B8-0BE7DFED11FB}
	EndGlobalSection
	GlobalSection(ExtensibilityGlobals) = postSolution
		SolutionGuid = {36723FC7-64A8-48E8-B6FD-AD0257B7DD36}
	EndGlobalSection
EndGlobal
