
Microsoft Visual Studio Solution File, Format Version 12.00
# Visual Studio Version 17
VisualStudioVersion = 17.7.34031.279
MinimumVisualStudioVersion = 10.0.40219.1
Project("{9A19103F-16F7-4668-BE54-9A1E7A4F7556}") = "Strategies", "StrategyFirstCard\Strategies.csproj", "{5B78B899-7BFC-4F46-9ADB-3DCF0CFDF8DE}"
EndProject
Project("{2150E333-8FDC-42A3-9474-1A3956D46DE8}") = "Nsu", "Nsu", "{AFC20025-E399-4F95-9422-AB6096F508A6}"
EndProject
Project("{2150E333-8FDC-42A3-9474-1A3956D46DE8}") = "MortalKombat", "MortalKombat", "{1C11F150-6CC9-4825-96B8-0BE7DFED11FB}"
EndProject
Project("{9A19103F-16F7-4668-BE54-9A1E7A4F7556}") = "Contracts", "MortalKombat\Contracts.csproj", "{89017EDC-8831-453F-97D5-BEBA8948192E}"
EndProject
Project("{FAE04EC0-301F-11D3-BF4B-00C04F79EFBC}") = "DeckShuffler", "DeckShuffler\DeckShuffler.csproj", "{181222C0-308E-4ACD-ADE6-AA14ED1788E6}"
EndProject
Project("{FAE04EC0-301F-11D3-BF4B-00C04F79EFBC}") = "ExperimentRunners", "ColliseumGods\ExperimentRunners.csproj", "{A943ECDF-A82D-4929-8B44-43917BA8EC91}"
EndProject
Project("{FAE04EC0-301F-11D3-BF4B-00C04F79EFBC}") = "Players", "ColliseumPlayers\Players.csproj", "{FFF1EF55-9F88-44D9-AF4F-15E757DCAFA5}"
EndProject
Project("{FAE04EC0-301F-11D3-BF4B-00C04F79EFBC}") = "Task2_HostRunner", "Task2_HostRunner\Task2_HostRunner.csproj", "{07EBBC1A-0531-4A65-A72B-85AE609E1ACF}"
EndProject
Project("{FAE04EC0-301F-11D3-BF4B-00C04F79EFBC}") = "Task3_4_TestKombat", "Task3_4_TestKombat\Task3_4_TestKombat.csproj", "{8D995413-753E-40E9-A6A3-8140C56195E1}"
EndProject
Project("{FAE04EC0-301F-11D3-BF4B-00C04F79EFBC}") = "DatabaseOracle", "DatabaseOracle\DatabaseOracle.csproj", "{6D770250-3FA4-417D-AA4C-77CE47845B25}"
EndProject
Project("{2150E333-8FDC-42A3-9474-1A3956D46DE8}") = "Task5_Web", "Task5_Web", "{C0F3F720-CDF4-4272-BDB0-45C262AD48EA}"
EndProject
Project("{FAE04EC0-301F-11D3-BF4B-00C04F79EFBC}") = "PlayerRoom", "PlayerRoom\PlayerRoom.csproj", "{2F010415-6DD6-4A9E-8F25-D8B282293FC9}"
EndProject
Project("{FAE04EC0-301F-11D3-BF4B-00C04F79EFBC}") = "ElonService", "ElonService\ElonService.csproj", "{FBC3B332-4130-4BAE-8208-95F89DB4F7B6}"
EndProject
Project("{FAE04EC0-301F-11D3-BF4B-00C04F79EFBC}") = "ZuccService", "ZuccService\ZuccService.csproj", "{CE4407CD-10C6-42AB-85ED-70614E26BA6B}"
EndProject
Project("{FAE04EC0-301F-11D3-BF4B-00C04F79EFBC}") = "Util", "Util\Util.csproj", "{13E315B5-8219-4214-95E4-157DB9803602}"
EndProject
Project("{FAE04EC0-301F-11D3-BF4B-00C04F79EFBC}") = "GodClient", "GodClient\GodClient.csproj", "{532C5670-536A-4034-928B-DA6AA84E1432}"
EndProject
Project("{FAE04EC0-301F-11D3-BF4B-00C04F79EFBC}") = "Contracts", "Task5_Web\Contracts\Contracts.csproj", "{59F79944-721F-41D4-BA92-CC28E8B7E51B}"
EndProject
Project("{2150E333-8FDC-42A3-9474-1A3956D46DE8}") = "Web", "Web", "{FB0D7B67-84CB-4FB9-AF17-AA5B4B5E812A}"
EndProject
Project("{2150E333-8FDC-42A3-9474-1A3956D46DE8}") = "PlayerServices", "PlayerServices", "{EC43F2F1-6C71-4FC5-BFC7-EAF79A91CBC6}"
EndProject
Project("{2150E333-8FDC-42A3-9474-1A3956D46DE8}") = "Task6_MQ", "Task6_MQ", "{4AC32EC7-75D6-4014-A9A0-26AFC407D2DC}"
EndProject
Project("{2150E333-8FDC-42A3-9474-1A3956D46DE8}") = "PlayerApps", "PlayerApps", "{121D14DD-EFB2-4451-B693-000A11D65D3F}"
EndProject
Project("{FAE04EC0-301F-11D3-BF4B-00C04F79EFBC}") = "MQClient", "Task6_MQ\MQClient\MQClient.csproj", "{D14D214E-0653-4BE9-9D93-25962C3ADBFF}"
EndProject
Project("{FAE04EC0-301F-11D3-BF4B-00C04F79EFBC}") = "MQElonService", "Task6_MQ\MQElonService\MQElonService.csproj", "{AA2E0DB2-D6C2-4178-8E7C-A31CFA6B431F}"
EndProject
Project("{FAE04EC0-301F-11D3-BF4B-00C04F79EFBC}") = "MQZuccService", "Task6_MQ\MQZuccService\MQZuccService.csproj", "{28F4B875-8F82-4492-A3D2-C18A16BCF31B}"
EndProject
Project("{FAE04EC0-301F-11D3-BF4B-00C04F79EFBC}") = "MQPlayerRoom", "Task6_MQ\MQPlayerRoom\MQPlayerRoom.csproj", "{687B0040-32CF-4F31-B6EF-3C792E25F765}"
EndProject
Global
	GlobalSection(SolutionConfigurationPlatforms) = preSolution
		Debug|Any CPU = Debug|Any CPU
		Release|Any CPU = Release|Any CPU
	EndGlobalSection
	GlobalSection(ProjectConfigurationPlatforms) = postSolution
		{5B78B899-7BFC-4F46-9ADB-3DCF0CFDF8DE}.Debug|Any CPU.ActiveCfg = Debug|Any CPU
		{5B78B899-7BFC-4F46-9ADB-3DCF0CFDF8DE}.Debug|Any CPU.Build.0 = Debug|Any CPU
		{5B78B899-7BFC-4F46-9ADB-3DCF0CFDF8DE}.Release|Any CPU.ActiveCfg = Release|Any CPU
		{5B78B899-7BFC-4F46-9ADB-3DCF0CFDF8DE}.Release|Any CPU.Build.0 = Release|Any CPU
		{89017EDC-8831-453F-97D5-BEBA8948192E}.Debug|Any CPU.ActiveCfg = Debug|Any CPU
		{89017EDC-8831-453F-97D5-BEBA8948192E}.Debug|Any CPU.Build.0 = Debug|Any CPU
		{89017EDC-8831-453F-97D5-BEBA8948192E}.Release|Any CPU.ActiveCfg = Release|Any CPU
		{89017EDC-8831-453F-97D5-BEBA8948192E}.Release|Any CPU.Build.0 = Release|Any CPU
		{181222C0-308E-4ACD-ADE6-AA14ED1788E6}.Debug|Any CPU.ActiveCfg = Debug|Any CPU
		{181222C0-308E-4ACD-ADE6-AA14ED1788E6}.Debug|Any CPU.Build.0 = Debug|Any CPU
		{181222C0-308E-4ACD-ADE6-AA14ED1788E6}.Release|Any CPU.ActiveCfg = Release|Any CPU
		{181222C0-308E-4ACD-ADE6-AA14ED1788E6}.Release|Any CPU.Build.0 = Release|Any CPU
		{A943ECDF-A82D-4929-8B44-43917BA8EC91}.Debug|Any CPU.ActiveCfg = Debug|Any CPU
		{A943ECDF-A82D-4929-8B44-43917BA8EC91}.Debug|Any CPU.Build.0 = Debug|Any CPU
		{A943ECDF-A82D-4929-8B44-43917BA8EC91}.Release|Any CPU.ActiveCfg = Release|Any CPU
		{A943ECDF-A82D-4929-8B44-43917BA8EC91}.Release|Any CPU.Build.0 = Release|Any CPU
		{FFF1EF55-9F88-44D9-AF4F-15E757DCAFA5}.Debug|Any CPU.ActiveCfg = Debug|Any CPU
		{FFF1EF55-9F88-44D9-AF4F-15E757DCAFA5}.Debug|Any CPU.Build.0 = Debug|Any CPU
		{FFF1EF55-9F88-44D9-AF4F-15E757DCAFA5}.Release|Any CPU.ActiveCfg = Release|Any CPU
		{FFF1EF55-9F88-44D9-AF4F-15E757DCAFA5}.Release|Any CPU.Build.0 = Release|Any CPU
		{07EBBC1A-0531-4A65-A72B-85AE609E1ACF}.Debug|Any CPU.ActiveCfg = Debug|Any CPU
		{07EBBC1A-0531-4A65-A72B-85AE609E1ACF}.Debug|Any CPU.Build.0 = Debug|Any CPU
		{07EBBC1A-0531-4A65-A72B-85AE609E1ACF}.Release|Any CPU.ActiveCfg = Release|Any CPU
		{07EBBC1A-0531-4A65-A72B-85AE609E1ACF}.Release|Any CPU.Build.0 = Release|Any CPU
		{8D995413-753E-40E9-A6A3-8140C56195E1}.Debug|Any CPU.ActiveCfg = Debug|Any CPU
		{8D995413-753E-40E9-A6A3-8140C56195E1}.Debug|Any CPU.Build.0 = Debug|Any CPU
		{8D995413-753E-40E9-A6A3-8140C56195E1}.Release|Any CPU.ActiveCfg = Release|Any CPU
		{8D995413-753E-40E9-A6A3-8140C56195E1}.Release|Any CPU.Build.0 = Release|Any CPU
		{6D770250-3FA4-417D-AA4C-77CE47845B25}.Debug|Any CPU.ActiveCfg = Debug|Any CPU
		{6D770250-3FA4-417D-AA4C-77CE47845B25}.Debug|Any CPU.Build.0 = Debug|Any CPU
		{6D770250-3FA4-417D-AA4C-77CE47845B25}.Release|Any CPU.ActiveCfg = Release|Any CPU
		{6D770250-3FA4-417D-AA4C-77CE47845B25}.Release|Any CPU.Build.0 = Release|Any CPU
		{2F010415-6DD6-4A9E-8F25-D8B282293FC9}.Debug|Any CPU.ActiveCfg = Debug|Any CPU
		{2F010415-6DD6-4A9E-8F25-D8B282293FC9}.Debug|Any CPU.Build.0 = Debug|Any CPU
		{2F010415-6DD6-4A9E-8F25-D8B282293FC9}.Release|Any CPU.ActiveCfg = Release|Any CPU
		{2F010415-6DD6-4A9E-8F25-D8B282293FC9}.Release|Any CPU.Build.0 = Release|Any CPU
		{FBC3B332-4130-4BAE-8208-95F89DB4F7B6}.Debug|Any CPU.ActiveCfg = Debug|Any CPU
		{FBC3B332-4130-4BAE-8208-95F89DB4F7B6}.Debug|Any CPU.Build.0 = Debug|Any CPU
		{FBC3B332-4130-4BAE-8208-95F89DB4F7B6}.Release|Any CPU.ActiveCfg = Release|Any CPU
		{FBC3B332-4130-4BAE-8208-95F89DB4F7B6}.Release|Any CPU.Build.0 = Release|Any CPU
		{CE4407CD-10C6-42AB-85ED-70614E26BA6B}.Debug|Any CPU.ActiveCfg = Debug|Any CPU
		{CE4407CD-10C6-42AB-85ED-70614E26BA6B}.Debug|Any CPU.Build.0 = Debug|Any CPU
		{CE4407CD-10C6-42AB-85ED-70614E26BA6B}.Release|Any CPU.ActiveCfg = Release|Any CPU
		{CE4407CD-10C6-42AB-85ED-70614E26BA6B}.Release|Any CPU.Build.0 = Release|Any CPU
		{13E315B5-8219-4214-95E4-157DB9803602}.Debug|Any CPU.ActiveCfg = Debug|Any CPU
		{13E315B5-8219-4214-95E4-157DB9803602}.Debug|Any CPU.Build.0 = Debug|Any CPU
		{13E315B5-8219-4214-95E4-157DB9803602}.Release|Any CPU.ActiveCfg = Release|Any CPU
		{13E315B5-8219-4214-95E4-157DB9803602}.Release|Any CPU.Build.0 = Release|Any CPU
		{532C5670-536A-4034-928B-DA6AA84E1432}.Debug|Any CPU.ActiveCfg = Debug|Any CPU
		{532C5670-536A-4034-928B-DA6AA84E1432}.Debug|Any CPU.Build.0 = Debug|Any CPU
		{532C5670-536A-4034-928B-DA6AA84E1432}.Release|Any CPU.ActiveCfg = Release|Any CPU
		{532C5670-536A-4034-928B-DA6AA84E1432}.Release|Any CPU.Build.0 = Release|Any CPU
		{59F79944-721F-41D4-BA92-CC28E8B7E51B}.Debug|Any CPU.ActiveCfg = Debug|Any CPU
		{59F79944-721F-41D4-BA92-CC28E8B7E51B}.Debug|Any CPU.Build.0 = Debug|Any CPU
		{59F79944-721F-41D4-BA92-CC28E8B7E51B}.Release|Any CPU.ActiveCfg = Release|Any CPU
		{59F79944-721F-41D4-BA92-CC28E8B7E51B}.Release|Any CPU.Build.0 = Release|Any CPU
		{D14D214E-0653-4BE9-9D93-25962C3ADBFF}.Debug|Any CPU.ActiveCfg = Debug|Any CPU
		{D14D214E-0653-4BE9-9D93-25962C3ADBFF}.Debug|Any CPU.Build.0 = Debug|Any CPU
		{D14D214E-0653-4BE9-9D93-25962C3ADBFF}.Release|Any CPU.ActiveCfg = Release|Any CPU
		{D14D214E-0653-4BE9-9D93-25962C3ADBFF}.Release|Any CPU.Build.0 = Release|Any CPU
		{AA2E0DB2-D6C2-4178-8E7C-A31CFA6B431F}.Debug|Any CPU.ActiveCfg = Debug|Any CPU
		{AA2E0DB2-D6C2-4178-8E7C-A31CFA6B431F}.Debug|Any CPU.Build.0 = Debug|Any CPU
		{AA2E0DB2-D6C2-4178-8E7C-A31CFA6B431F}.Release|Any CPU.ActiveCfg = Release|Any CPU
		{AA2E0DB2-D6C2-4178-8E7C-A31CFA6B431F}.Release|Any CPU.Build.0 = Release|Any CPU
		{28F4B875-8F82-4492-A3D2-C18A16BCF31B}.Debug|Any CPU.ActiveCfg = Debug|Any CPU
		{28F4B875-8F82-4492-A3D2-C18A16BCF31B}.Debug|Any CPU.Build.0 = Debug|Any CPU
		{28F4B875-8F82-4492-A3D2-C18A16BCF31B}.Release|Any CPU.ActiveCfg = Release|Any CPU
		{28F4B875-8F82-4492-A3D2-C18A16BCF31B}.Release|Any CPU.Build.0 = Release|Any CPU
		{687B0040-32CF-4F31-B6EF-3C792E25F765}.Debug|Any CPU.ActiveCfg = Debug|Any CPU
		{687B0040-32CF-4F31-B6EF-3C792E25F765}.Debug|Any CPU.Build.0 = Debug|Any CPU
		{687B0040-32CF-4F31-B6EF-3C792E25F765}.Release|Any CPU.ActiveCfg = Release|Any CPU
		{687B0040-32CF-4F31-B6EF-3C792E25F765}.Release|Any CPU.Build.0 = Release|Any CPU
	EndGlobalSection
	GlobalSection(SolutionProperties) = preSolution
		HideSolutionNode = FALSE
	EndGlobalSection
	GlobalSection(NestedProjects) = preSolution
		{5B78B899-7BFC-4F46-9ADB-3DCF0CFDF8DE} = {1C11F150-6CC9-4825-96B8-0BE7DFED11FB}
		{1C11F150-6CC9-4825-96B8-0BE7DFED11FB} = {AFC20025-E399-4F95-9422-AB6096F508A6}
		{89017EDC-8831-453F-97D5-BEBA8948192E} = {1C11F150-6CC9-4825-96B8-0BE7DFED11FB}
		{181222C0-308E-4ACD-ADE6-AA14ED1788E6} = {1C11F150-6CC9-4825-96B8-0BE7DFED11FB}
		{A943ECDF-A82D-4929-8B44-43917BA8EC91} = {1C11F150-6CC9-4825-96B8-0BE7DFED11FB}
		{FFF1EF55-9F88-44D9-AF4F-15E757DCAFA5} = {1C11F150-6CC9-4825-96B8-0BE7DFED11FB}
		{6D770250-3FA4-417D-AA4C-77CE47845B25} = {1C11F150-6CC9-4825-96B8-0BE7DFED11FB}
		{2F010415-6DD6-4A9E-8F25-D8B282293FC9} = {C0F3F720-CDF4-4272-BDB0-45C262AD48EA}
		{13E315B5-8219-4214-95E4-157DB9803602} = {1C11F150-6CC9-4825-96B8-0BE7DFED11FB}
		{532C5670-536A-4034-928B-DA6AA84E1432} = {C0F3F720-CDF4-4272-BDB0-45C262AD48EA}
		{59F79944-721F-41D4-BA92-CC28E8B7E51B} = {FB0D7B67-84CB-4FB9-AF17-AA5B4B5E812A}
		{FB0D7B67-84CB-4FB9-AF17-AA5B4B5E812A} = {1C11F150-6CC9-4825-96B8-0BE7DFED11FB}
		{EC43F2F1-6C71-4FC5-BFC7-EAF79A91CBC6} = {C0F3F720-CDF4-4272-BDB0-45C262AD48EA}
		{FBC3B332-4130-4BAE-8208-95F89DB4F7B6} = {EC43F2F1-6C71-4FC5-BFC7-EAF79A91CBC6}
		{CE4407CD-10C6-42AB-85ED-70614E26BA6B} = {EC43F2F1-6C71-4FC5-BFC7-EAF79A91CBC6}
		{121D14DD-EFB2-4451-B693-000A11D65D3F} = {4AC32EC7-75D6-4014-A9A0-26AFC407D2DC}
		{D14D214E-0653-4BE9-9D93-25962C3ADBFF} = {4AC32EC7-75D6-4014-A9A0-26AFC407D2DC}
		{AA2E0DB2-D6C2-4178-8E7C-A31CFA6B431F} = {121D14DD-EFB2-4451-B693-000A11D65D3F}
		{28F4B875-8F82-4492-A3D2-C18A16BCF31B} = {121D14DD-EFB2-4451-B693-000A11D65D3F}
		{687B0040-32CF-4F31-B6EF-3C792E25F765} = {4AC32EC7-75D6-4014-A9A0-26AFC407D2DC}
	EndGlobalSection
	GlobalSection(ExtensibilityGlobals) = postSolution
		SolutionGuid = {36723FC7-64A8-48E8-B6FD-AD0257B7DD36}
	EndGlobalSection
EndGlobal
